
Microsoft Visual Studio Solution File, Format Version 12.00
# Visual Studio Version 17
VisualStudioVersion = 17.3.32929.385
MinimumVisualStudioVersion = 10.0.40219.1
Project("{9A19103F-16F7-4668-BE54-9A1E7A4F7556}") = "EntityLayer", "EntityLayer\EntityLayer.csproj", "{1EAA7330-2B1F-4E71-81B2-D64BB65D18C3}"
EndProject
Project("{9A19103F-16F7-4668-BE54-9A1E7A4F7556}") = "DataAccess", "DataAccess\DataAccess.csproj", "{0652E44A-FF0D-4F4A-B6F6-FBF73ED286AB}"
EndProject
Project("{9A19103F-16F7-4668-BE54-9A1E7A4F7556}") = "BusinessLayer", "BusinessLayer\BusinessLayer.csproj", "{1274F403-A6A5-4CCD-9407-1709D23988F4}"
EndProject
Project("{FAE04EC0-301F-11D3-BF4B-00C04F79EFBC}") = "HastaneMVC", "HastaneMVC\HastaneMVC.csproj", "{8558E104-5F19-4ABD-B099-50ED27D2AA59}"
EndProject
Global
	GlobalSection(SolutionConfigurationPlatforms) = preSolution
		Debug|Any CPU = Debug|Any CPU
		Release|Any CPU = Release|Any CPU
	EndGlobalSection
	GlobalSection(ProjectConfigurationPlatforms) = postSolution
		{1EAA7330-2B1F-4E71-81B2-D64BB65D18C3}.Debug|Any CPU.ActiveCfg = Debug|Any CPU
		{1EAA7330-2B1F-4E71-81B2-D64BB65D18C3}.Debug|Any CPU.Build.0 = Debug|Any CPU
		{1EAA7330-2B1F-4E71-81B2-D64BB65D18C3}.Release|Any CPU.ActiveCfg = Release|Any CPU
		{1EAA7330-2B1F-4E71-81B2-D64BB65D18C3}.Release|Any CPU.Build.0 = Release|Any CPU
		{0652E44A-FF0D-4F4A-B6F6-FBF73ED286AB}.Debug|Any CPU.ActiveCfg = Debug|Any CPU
		{0652E44A-FF0D-4F4A-B6F6-FBF73ED286AB}.Debug|Any CPU.Build.0 = Debug|Any CPU
		{0652E44A-FF0D-4F4A-B6F6-FBF73ED286AB}.Release|Any CPU.ActiveCfg = Release|Any CPU
		{0652E44A-FF0D-4F4A-B6F6-FBF73ED286AB}.Release|Any CPU.Build.0 = Release|Any CPU
		{1274F403-A6A5-4CCD-9407-1709D23988F4}.Debug|Any CPU.ActiveCfg = Debug|Any CPU
		{1274F403-A6A5-4CCD-9407-1709D23988F4}.Debug|Any CPU.Build.0 = Debug|Any CPU
		{1274F403-A6A5-4CCD-9407-1709D23988F4}.Release|Any CPU.ActiveCfg = Release|Any CPU
		{1274F403-A6A5-4CCD-9407-1709D23988F4}.Release|Any CPU.Build.0 = Release|Any CPU
		{8558E104-5F19-4ABD-B099-50ED27D2AA59}.Debug|Any CPU.ActiveCfg = Debug|Any CPU
		{8558E104-5F19-4ABD-B099-50ED27D2AA59}.Debug|Any CPU.Build.0 = Debug|Any CPU
		{8558E104-5F19-4ABD-B099-50ED27D2AA59}.Release|Any CPU.ActiveCfg = Release|Any CPU
		{8558E104-5F19-4ABD-B099-50ED27D2AA59}.Release|Any CPU.Build.0 = Release|Any CPU
	EndGlobalSection
	GlobalSection(SolutionProperties) = preSolution
		HideSolutionNode = FALSE
	EndGlobalSection
	GlobalSection(ExtensibilityGlobals) = postSolution
		SolutionGuid = {FE9DEA66-2A84-4D0F-9B07-9845EE27BF3E}
	EndGlobalSection
EndGlobal
